
Microsoft Visual Studio Solution File, Format Version 12.00
# Visual Studio Version 17
VisualStudioVersion = 17.14.36511.14 d17.14
MinimumVisualStudioVersion = 10.0.40219.1
Project("{FAE04EC0-301F-11D3-BF4B-00C04F79EFBC}") = "ConsoleApp", "ConsoleApp.csproj", "{CCF1A927-FDB6-414B-B754-8497C3D911FF}"
EndProject
Global
	GlobalSection(SolutionConfigurationPlatforms) = preSolution
		Debug|Any CPU = Debug|Any CPU
		Release|Any CPU = Release|Any CPU
	EndGlobalSection
	GlobalSection(ProjectConfigurationPlatforms) = postSolution
		{CCF1A927-FDB6-414B-B754-8497C3D911FF}.Debug|Any CPU.ActiveCfg = Debug|Any CPU
		{CCF1A927-FDB6-414B-B754-8497C3D911FF}.Debug|Any CPU.Build.0 = Debug|Any CPU
		{CCF1A927-FDB6-414B-B754-8497C3D911FF}.Release|Any CPU.ActiveCfg = Release|Any CPU
		{CCF1A927-FDB6-414B-B754-8497C3D911FF}.Release|Any CPU.Build.0 = Release|Any CPU
	EndGlobalSection
	GlobalSection(SolutionProperties) = preSolution
		HideSolutionNode = FALSE
	EndGlobalSection
	GlobalSection(ExtensibilityGlobals) = postSolution
		SolutionGuid = {54695A91-EB79-4DB3-BBFB-284D0156DCA2}
	EndGlobalSection
EndGlobal
